
Microsoft Visual Studio Solution File, Format Version 12.00
# Visual Studio 15
VisualStudioVersion = 15.0.27703.2042
MinimumVisualStudioVersion = 10.0.40219.1
Project("{FAE04EC0-301F-11D3-BF4B-00C04F79EFBC}") = "ConstructionYard", "ConstructionYard\ConstructionYard.csproj", "{E328A7C8-6E18-4BB3-BC85-C40CD6A1EFCE}"
EndProject
Project("{FAE04EC0-301F-11D3-BF4B-00C04F79EFBC}") = "PrototypeGUI", "PrototypeGUI\PrototypeGUI.csproj", "{4612B08E-4D85-4537-BD51-C13E37ED4FCD}"
EndProject
Project("{FAE04EC0-301F-11D3-BF4B-00C04F79EFBC}") = "HeroesGame.Core", "HeroesGame.Core\HeroesGame.Core.csproj", "{74913C23-B60A-4ED5-81CD-A6940FA8C5A1}"
EndProject
Project("{FAE04EC0-301F-11D3-BF4B-00C04F79EFBC}") = "HeroesGame.Repositories", "HeroesGame.Repositories\HeroesGame.Repositories.csproj", "{4F4BC204-B37E-4B14-85B0-60F93724F9F8}"
EndProject
Global
	GlobalSection(SolutionConfigurationPlatforms) = preSolution
		Debug|Any CPU = Debug|Any CPU
		Release|Any CPU = Release|Any CPU
	EndGlobalSection
	GlobalSection(ProjectConfigurationPlatforms) = postSolution
		{E328A7C8-6E18-4BB3-BC85-C40CD6A1EFCE}.Debug|Any CPU.ActiveCfg = Debug|Any CPU
		{E328A7C8-6E18-4BB3-BC85-C40CD6A1EFCE}.Debug|Any CPU.Build.0 = Debug|Any CPU
		{E328A7C8-6E18-4BB3-BC85-C40CD6A1EFCE}.Release|Any CPU.ActiveCfg = Release|Any CPU
		{E328A7C8-6E18-4BB3-BC85-C40CD6A1EFCE}.Release|Any CPU.Build.0 = Release|Any CPU
		{4612B08E-4D85-4537-BD51-C13E37ED4FCD}.Debug|Any CPU.ActiveCfg = Debug|Any CPU
		{4612B08E-4D85-4537-BD51-C13E37ED4FCD}.Debug|Any CPU.Build.0 = Debug|Any CPU
		{4612B08E-4D85-4537-BD51-C13E37ED4FCD}.Release|Any CPU.ActiveCfg = Release|Any CPU
		{4612B08E-4D85-4537-BD51-C13E37ED4FCD}.Release|Any CPU.Build.0 = Release|Any CPU
		{74913C23-B60A-4ED5-81CD-A6940FA8C5A1}.Debug|Any CPU.ActiveCfg = Debug|Any CPU
		{74913C23-B60A-4ED5-81CD-A6940FA8C5A1}.Debug|Any CPU.Build.0 = Debug|Any CPU
		{74913C23-B60A-4ED5-81CD-A6940FA8C5A1}.Release|Any CPU.ActiveCfg = Release|Any CPU
		{74913C23-B60A-4ED5-81CD-A6940FA8C5A1}.Release|Any CPU.Build.0 = Release|Any CPU
		{4F4BC204-B37E-4B14-85B0-60F93724F9F8}.Debug|Any CPU.ActiveCfg = Debug|Any CPU
		{4F4BC204-B37E-4B14-85B0-60F93724F9F8}.Debug|Any CPU.Build.0 = Debug|Any CPU
		{4F4BC204-B37E-4B14-85B0-60F93724F9F8}.Release|Any CPU.ActiveCfg = Release|Any CPU
		{4F4BC204-B37E-4B14-85B0-60F93724F9F8}.Release|Any CPU.Build.0 = Release|Any CPU
	EndGlobalSection
	GlobalSection(SolutionProperties) = preSolution
		HideSolutionNode = FALSE
	EndGlobalSection
	GlobalSection(ExtensibilityGlobals) = postSolution
		SolutionGuid = {1FA36115-CF55-4DCD-A6C5-74DAB05D8530}
	EndGlobalSection
EndGlobal
